
Microsoft Visual Studio Solution File, Format Version 12.00
# Visual Studio 15
VisualStudioVersion = 15.0.27130.2003
MinimumVisualStudioVersion = 10.0.40219.1
Project("{8BC9CEB8-8B4A-11D0-8D11-00A0C91BC942}") = "Elektor USB uart KMDF", "Elektor USB uart KMDF\Elektor USB uart KMDF.vcxproj", "{2DB04B02-E3B9-47C3-B402-639403F00175}"
EndProject
Global
	GlobalSection(SolutionConfigurationPlatforms) = preSolution
		Debug|x64 = Debug|x64
		Debug|x86 = Debug|x86
		Release|x64 = Release|x64
		Release|x86 = Release|x86
	EndGlobalSection
	GlobalSection(ProjectConfigurationPlatforms) = postSolution
		{2DB04B02-E3B9-47C3-B402-639403F00175}.Debug|x64.ActiveCfg = Debug|x64
		{2DB04B02-E3B9-47C3-B402-639403F00175}.Debug|x64.Build.0 = Debug|x64
		{2DB04B02-E3B9-47C3-B402-639403F00175}.Debug|x64.Deploy.0 = Debug|x64
		{2DB04B02-E3B9-47C3-B402-639403F00175}.Debug|x86.ActiveCfg = Debug|Win32
		{2DB04B02-E3B9-47C3-B402-639403F00175}.Debug|x86.Build.0 = Debug|Win32
		{2DB04B02-E3B9-47C3-B402-639403F00175}.Debug|x86.Deploy.0 = Debug|Win32
		{2DB04B02-E3B9-47C3-B402-639403F00175}.Release|x64.ActiveCfg = Release|x64
		{2DB04B02-E3B9-47C3-B402-639403F00175}.Release|x64.Build.0 = Release|x64
		{2DB04B02-E3B9-47C3-B402-639403F00175}.Release|x64.Deploy.0 = Release|x64
		{2DB04B02-E3B9-47C3-B402-639403F00175}.Release|x86.ActiveCfg = Release|Win32
		{2DB04B02-E3B9-47C3-B402-639403F00175}.Release|x86.Build.0 = Release|Win32
		{2DB04B02-E3B9-47C3-B402-639403F00175}.Release|x86.Deploy.0 = Release|Win32
	EndGlobalSection
	GlobalSection(SolutionProperties) = preSolution
		HideSolutionNode = FALSE
	EndGlobalSection
	GlobalSection(ExtensibilityGlobals) = postSolution
		SolutionGuid = {8FB6BC39-6836-41BC-991A-5DF9B87193DC}
	EndGlobalSection
EndGlobal
